
Microsoft Visual Studio Solution File, Format Version 12.00
# Visual Studio Version 17
VisualStudioVersion = 17.5.33414.496
MinimumVisualStudioVersion = 10.0.40219.1
Project("{9A19103F-16F7-4668-BE54-9A1E7A4F7556}") = "Contracts", "Contracts\Contracts.csproj", "{2F697BBB-52EE-42AD-A991-1EFEAB459FA2}"
EndProject
Project("{9A19103F-16F7-4668-BE54-9A1E7A4F7556}") = "Services", "Services\Services.csproj", "{238555F4-7443-41EE-9CFD-6EDB20ED0489}"
EndProject
Project("{9A19103F-16F7-4668-BE54-9A1E7A4F7556}") = "Monitor", "Monitor\Monitor.csproj", "{4A130878-981F-48AC-8422-52993727A81A}"
EndProject
Global
	GlobalSection(SolutionConfigurationPlatforms) = preSolution
		Debug|Any CPU = Debug|Any CPU
		Release|Any CPU = Release|Any CPU
	EndGlobalSection
	GlobalSection(ProjectConfigurationPlatforms) = postSolution
		{2F697BBB-52EE-42AD-A991-1EFEAB459FA2}.Debug|Any CPU.ActiveCfg = Debug|Any CPU
		{2F697BBB-52EE-42AD-A991-1EFEAB459FA2}.Debug|Any CPU.Build.0 = Debug|Any CPU
		{2F697BBB-52EE-42AD-A991-1EFEAB459FA2}.Release|Any CPU.ActiveCfg = Release|Any CPU
		{2F697BBB-52EE-42AD-A991-1EFEAB459FA2}.Release|Any CPU.Build.0 = Release|Any CPU
		{238555F4-7443-41EE-9CFD-6EDB20ED0489}.Debug|Any CPU.ActiveCfg = Debug|Any CPU
		{238555F4-7443-41EE-9CFD-6EDB20ED0489}.Debug|Any CPU.Build.0 = Debug|Any CPU
		{238555F4-7443-41EE-9CFD-6EDB20ED0489}.Release|Any CPU.ActiveCfg = Release|Any CPU
		{238555F4-7443-41EE-9CFD-6EDB20ED0489}.Release|Any CPU.Build.0 = Release|Any CPU
		{4A130878-981F-48AC-8422-52993727A81A}.Debug|Any CPU.ActiveCfg = Debug|Any CPU
		{4A130878-981F-48AC-8422-52993727A81A}.Debug|Any CPU.Build.0 = Debug|Any CPU
		{4A130878-981F-48AC-8422-52993727A81A}.Release|Any CPU.ActiveCfg = Release|Any CPU
		{4A130878-981F-48AC-8422-52993727A81A}.Release|Any CPU.Build.0 = Release|Any CPU
	EndGlobalSection
	GlobalSection(SolutionProperties) = preSolution
		HideSolutionNode = FALSE
	EndGlobalSection
	GlobalSection(ExtensibilityGlobals) = postSolution
		SolutionGuid = {7041CECE-2A19-4E66-9332-432EBDFBCE4B}
	EndGlobalSection
EndGlobal
